// !$*UTF8*$!
{
	archiveVersion = 1;
	classes = {
	};
	objectVersion = 50;
	objects = {

/* Begin PBXBuildFile section */
		E479EE1E26119DDE00DF99AD /* AppDelegate.swift in Sources */ = {isa = PBXBuildFile; fileRef = E479EE1D26119DDE00DF99AD /* AppDelegate.swift */; };
		E479EE2026119DDE00DF99AD /* SceneDelegate.swift in Sources */ = {isa = PBXBuildFile; fileRef = E479EE1F26119DDE00DF99AD /* SceneDelegate.swift */; };
		E479EE2226119DDE00DF99AD /* ViewController.swift in Sources */ = {isa = PBXBuildFile; fileRef = E479EE2126119DDE00DF99AD /* ViewController.swift */; };
		E479EE2526119DDE00DF99AD /* Main.storyboard in Resources */ = {isa = PBXBuildFile; fileRef = E479EE2326119DDE00DF99AD /* Main.storyboard */; };
		E479EE2726119DDE00DF99AD /* Assets.xcassets in Resources */ = {isa = PBXBuildFile; fileRef = E479EE2626119DDE00DF99AD /* Assets.xcassets */; };
		E479EE2A26119DDE00DF99AD /* LaunchScreen.storyboard in Resources */ = {isa = PBXBuildFile; fileRef = E479EE2826119DDE00DF99AD /* LaunchScreen.storyboard */; };
/* End PBXBuildFile section */

/* Begin PBXFileReference section */
		E479EE1A26119DDE00DF99AD /* Pigeon.app */ = {isa = PBXFileReference; explicitFileType = wrapper.application; includeInIndex = 0; path = Pigeon.app; sourceTree = BUILT_PRODUCTS_DIR; };
		E479EE1D26119DDE00DF99AD /* AppDelegate.swift */ = {isa = PBXFileReference; lastKnownFileType = sourcecode.swift; path = AppDelegate.swift; sourceTree = "<group>"; };
		E479EE1F26119DDE00DF99AD /* SceneDelegate.swift */ = {isa = PBXFileReference; lastKnownFileType = sourcecode.swift; path = SceneDelegate.swift; sourceTree = "<group>"; };
		E479EE2126119DDE00DF99AD /* ViewController.swift */ = {isa = PBXFileReference; lastKnownFileType = sourcecode.swift; path = ViewController.swift; sourceTree = "<group>"; };
		E479EE2426119DDE00DF99AD /* Base */ = {isa = PBXFileReference; lastKnownFileType = file.storyboard; name = Base; path = Base.lproj/Main.storyboard; sourceTree = "<group>"; };
		E479EE2626119DDE00DF99AD /* Assets.xcassets */ = {isa = PBXFileReference; lastKnownFileType = folder.assetcatalog; path = Assets.xcassets; sourceTree = "<group>"; };
		E479EE2926119DDE00DF99AD /* Base */ = {isa = PBXFileReference; lastKnownFileType = file.storyboard; name = Base; path = Base.lproj/LaunchScreen.storyboard; sourceTree = "<group>"; };
		E479EE2B26119DDE00DF99AD /* Info.plist */ = {isa = PBXFileReference; lastKnownFileType = text.plist.xml; path = Info.plist; sourceTree = "<group>"; };
/* End PBXFileReference section */

/* Begin PBXFrameworksBuildPhase section */
		E479EE1726119DDE00DF99AD /* Frameworks */ = {
			isa = PBXFrameworksBuildPhase;
			buildActionMask = 2147483647;
			files = (
			);
			runOnlyForDeploymentPostprocessing = 0;
		};
/* End PBXFrameworksBuildPhase section */

/* Begin PBXGroup section */
		E479EE1126119DDE00DF99AD = {
			isa = PBXGroup;
			children = (
				E479EE1C26119DDE00DF99AD /* Pigeon */,
				E479EE1B26119DDE00DF99AD /* Products */,
			);
			sourceTree = "<group>";
		};
		E479EE1B26119DDE00DF99AD /* Products */ = {
			isa = PBXGroup;
			children = (
				E479EE1A26119DDE00DF99AD /* Pigeon.app */,
			);
			name = Products;
			sourceTree = "<group>";
		};
		E479EE1C26119DDE00DF99AD /* Pigeon */ = {
			isa = PBXGroup;
			children = (
				E479EE1D26119DDE00DF99AD /* AppDelegate.swift */,
				E479EE1F26119DDE00DF99AD /* SceneDelegate.swift */,
				E479EE2126119DDE00DF99AD /* ViewController.swift */,
				E479EE2326119DDE00DF99AD /* Main.storyboard */,
				E479EE2626119DDE00DF99AD /* Assets.xcassets */,
				E479EE2826119DDE00DF99AD /* LaunchScreen.storyboard */,
				E479EE2B26119DDE00DF99AD /* Info.plist */,
			);
			path = Pigeon;
			sourceTree = "<group>";
		};
/* End PBXGroup section */

/* Begin PBXNativeTarget section */
		E479EE1926119DDE00DF99AD /* Pigeon */ = {
			isa = PBXNativeTarget;
			buildConfigurationList = E479EE2E26119DDE00DF99AD /* Build configuration list for PBXNativeTarget "Pigeon" */;
			buildPhases = (
				E479EE1626119DDE00DF99AD /* Sources */,
				E479EE1726119DDE00DF99AD /* Frameworks */,
				E479EE1826119DDE00DF99AD /* Resources */,
			);
			buildRules = (
			);
			dependencies = (
			);
			name = Pigeon;
			productName = Pigeon;
			productReference = E479EE1A26119DDE00DF99AD /* Pigeon.app */;
			productType = "com.apple.product-type.application";
		};
/* End PBXNativeTarget section */

/* Begin PBXProject section */
		E479EE1226119DDE00DF99AD /* Project object */ = {
			isa = PBXProject;
			attributes = {
				LastSwiftUpdateCheck = 1200;
				LastUpgradeCheck = 1200;
				TargetAttributes = {
					E479EE1926119DDE00DF99AD = {
						CreatedOnToolsVersion = 12.0;
					};
				};
			};
			buildConfigurationList = E479EE1526119DDE00DF99AD /* Build configuration list for PBXProject "Pigeon" */;
			compatibilityVersion = "Xcode 9.3";
			developmentRegion = en;
			hasScannedForEncodings = 0;
			knownRegions = (
				en,
				Base,
			);
			mainGroup = E479EE1126119DDE00DF99AD;
			productRefGroup = E479EE1B26119DDE00DF99AD /* Products */;
			projectDirPath = "";
			projectRoot = "";
			targets = (
				E479EE1926119DDE00DF99AD /* Pigeon */,
			);
		};
/* End PBXProject section */

/* Begin PBXResourcesBuildPhase section */
		E479EE1826119DDE00DF99AD /* Resources */ = {
			isa = PBXResourcesBuildPhase;
			buildActionMask = 2147483647;
			files = (
				E479EE2A26119DDE00DF99AD /* LaunchScreen.storyboard in Resources */,
				E479EE2726119DDE00DF99AD /* Assets.xcassets in Resources */,
				E479EE2526119DDE00DF99AD /* Main.storyboard in Resources */,
			);
			runOnlyForDeploymentPostprocessing = 0;
		};
/* End PBXResourcesBuildPhase section */

/* Begin PBXSourcesBuildPhase section */
		E479EE1626119DDE00DF99AD /* Sources */ = {
			isa = PBXSourcesBuildPhase;
			buildActionMask = 2147483647;
			files = (
				E479EE2226119DDE00DF99AD /* ViewController.swift in Sources */,
				E479EE1E26119DDE00DF99AD /* AppDelegate.swift in Sources */,
				E479EE2026119DDE00DF99AD /* SceneDelegate.swift in Sources */,
			);
			runOnlyForDeploymentPostprocessing = 0;
		};
/* End PBXSourcesBuildPhase section */

/* Begin PBXVariantGroup section */
		E479EE2326119DDE00DF99AD /* Main.storyboard */ = {
			isa = PBXVariantGroup;
			children = (
				E479EE2426119DDE00DF99AD /* Base */,
			);
			name = Main.storyboard;
			sourceTree = "<group>";
		};
		E479EE2826119DDE00DF99AD /* LaunchScreen.storyboard */ = {
			isa = PBXVariantGroup;
			children = (
				E479EE2926119DDE00DF99AD /* Base */,
			);
			name = LaunchScreen.storyboard;
			sourceTree = "<group>";
		};
/* End PBXVariantGroup section */

/* Begin XCBuildConfiguration section */
		E479EE2C26119DDE00DF99AD /* Debug */ = {
			isa = XCBuildConfiguration;
			buildSettings = {
				ALWAYS_SEARCH_USER_PATHS = NO;
				CLANG_ANALYZER_NONNULL = YES;
				CLANG_ANALYZER_NUMBER_OBJECT_CONVERSION = YES_AGGRESSIVE;
				CLANG_CXX_LANGUAGE_STANDARD = "gnu++14";
				CLANG_CXX_LIBRARY = "libc++";
				CLANG_ENABLE_MODULES = YES;
				CLANG_ENABLE_OBJC_ARC = YES;
				CLANG_ENABLE_OBJC_WEAK = YES;
				CLANG_WARN_BLOCK_CAPTURE_AUTORELEASING = YES;
				CLANG_WARN_BOOL_CONVERSION = YES;
				CLANG_WARN_COMMA = YES;
				CLANG_WARN_CONSTANT_CONVERSION = YES;
				CLANG_WARN_DEPRECATED_OBJC_IMPLEMENTATIONS = YES;
				CLANG_WARN_DIRECT_OBJC_ISA_USAGE = YES_ERROR;
				CLANG_WARN_DOCUMENTATION_COMMENTS = YES;
				CLANG_WARN_EMPTY_BODY = YES;
				CLANG_WARN_ENUM_CONVERSION = YES;
				CLANG_WARN_INFINITE_RECURSION = YES;
				CLANG_WARN_INT_CONVERSION = YES;
				CLANG_WARN_NON_LITERAL_NULL_CONVERSION = YES;
				CLANG_WARN_OBJC_IMPLICIT_RETAIN_SELF = YES;
				CLANG_WARN_OBJC_LITERAL_CONVERSION = YES;
				CLANG_WARN_OBJC_ROOT_CLASS = YES_ERROR;
				CLANG_WARN_QUOTED_INCLUDE_IN_FRAMEWORK_HEADER = YES;
				CLANG_WARN_RANGE_LOOP_ANALYSIS = YES;
				CLANG_WARN_STRICT_PROTOTYPES = YES;
				CLANG_WARN_SUSPICIOUS_MOVE = YES;
				CLANG_WARN_UNGUARDED_AVAILABILITY = YES_AGGRESSIVE;
				CLANG_WARN_UNREACHABLE_CODE = YES;
				CLANG_WARN__DUPLICATE_METHOD_MATCH = YES;
				COPY_PHASE_STRIP = NO;
				DEBUG_INFORMATION_FORMAT = dwarf;
				ENABLE_STRICT_OBJC_MSGSEND = YES;
				ENABLE_TESTABILITY = YES;
				GCC_C_LANGUAGE_STANDARD = gnu11;
				GCC_DYNAMIC_NO_PIC = NO;
				GCC_NO_COMMON_BLOCKS = YES;
				GCC_OPTIMIZATION_LEVEL = 0;
				GCC_PREPROCESSOR_DEFINITIONS = (
					"DEBUG=1",
					"$(inherited)",
				);
				GCC_WARN_64_TO_32_BIT_CONVERSION = YES;
				GCC_WARN_ABOUT_RETURN_TYPE = YES_ERROR;
				GCC_WARN_UNDECLARED_SELECTOR = YES;
				GCC_WARN_UNINITIALIZED_AUTOS = YES_AGGRESSIVE;
				GCC_WARN_UNUSED_FUNCTION = YES;
				GCC_WARN_UNUSED_VARIABLE = YES;
				IPHONEOS_DEPLOYMENT_TARGET = 14.0;
				MTL_ENABLE_DEBUG_INFO = INCLUDE_SOURCE;
				MTL_FAST_MATH = YES;
				ONLY_ACTIVE_ARCH = YES;
				SDKROOT = iphoneos;
				SWIFT_ACTIVE_COMPILATION_CONDITIONS = DEBUG;
				SWIFT_OPTIMIZATION_LEVEL = "-Onone";
			};
			name = Debug;
		};
		E479EE2D26119DDE00DF99AD /* Release */ = {
			isa = XCBuildConfiguration;
			buildSettings = {
				ALWAYS_SEARCH_USER_PATHS = NO;
				CLANG_ANALYZER_NONNULL = YES;
				CLANG_ANALYZER_NUMBER_OBJECT_CONVERSION = YES_AGGRESSIVE;
				CLANG_CXX_LANGUAGE_STANDARD = "gnu++14";
				CLANG_CXX_LIBRARY = "libc++";
				CLANG_ENABLE_MODULES = YES;
				CLANG_ENABLE_OBJC_ARC = YES;
				CLANG_ENABLE_OBJC_WEAK = YES;
				CLANG_WARN_BLOCK_CAPTURE_AUTORELEASING = YES;
				CLANG_WARN_BOOL_CONVERSION = YES;
				CLANG_WARN_COMMA = YES;
				CLANG_WARN_CONSTANT_CONVERSION = YES;
				CLANG_WARN_DEPRECATED_OBJC_IMPLEMENTATIONS = YES;
				CLANG_WARN_DIRECT_OBJC_ISA_USAGE = YES_ERROR;
				CLANG_WARN_DOCUMENTATION_COMMENTS = YES;
				CLANG_WARN_EMPTY_BODY = YES;
				CLANG_WARN_ENUM_CONVERSION = YES;
				CLANG_WARN_INFINITE_RECURSION = YES;
				CLANG_WARN_INT_CONVERSION = YES;
				CLANG_WARN_NON_LITERAL_NULL_CONVERSION = YES;
				CLANG_WARN_OBJC_IMPLICIT_RETAIN_SELF = YES;
				CLANG_WARN_OBJC_LITERAL_CONVERSION = YES;
				CLANG_WARN_OBJC_ROOT_CLASS = YES_ERROR;
				CLANG_WARN_QUOTED_INCLUDE_IN_FRAMEWORK_HEADER = YES;
				CLANG_WARN_RANGE_LOOP_ANALYSIS = YES;
				CLANG_WARN_STRICT_PROTOTYPES = YES;
				CLANG_WARN_SUSPICIOUS_MOVE = YES;
				CLANG_WARN_UNGUARDED_AVAILABILITY = YES_AGGRESSIVE;
				CLANG_WARN_UNREACHABLE_CODE = YES;
				CLANG_WARN__DUPLICATE_METHOD_MATCH = YES;
				COPY_PHASE_STRIP = NO;
				DEBUG_INFORMATION_FORMAT = "dwarf-with-dsym";
				ENABLE_NS_ASSERTIONS = NO;
				ENABLE_STRICT_OBJC_MSGSEND = YES;
				GCC_C_LANGUAGE_STANDARD = gnu11;
				GCC_NO_COMMON_BLOCKS = YES;
				GCC_WARN_64_TO_32_BIT_CONVERSION = YES;
				GCC_WARN_ABOUT_RETURN_TYPE = YES_ERROR;
				GCC_WARN_UNDECLARED_SELECTOR = YES;
				GCC_WARN_UNINITIALIZED_AUTOS = YES_AGGRESSIVE;
				GCC_WARN_UNUSED_FUNCTION = YES;
				GCC_WARN_UNUSED_VARIABLE = YES;
				IPHONEOS_DEPLOYMENT_TARGET = 14.0;
				MTL_ENABLE_DEBUG_INFO = NO;
				MTL_FAST_MATH = YES;
				SDKROOT = iphoneos;
				SWIFT_COMPILATION_MODE = wholemodule;
				SWIFT_OPTIMIZATION_LEVEL = "-O";
				VALIDATE_PRODUCT = YES;
			};
			name = Release;
		};
		E479EE2F26119DDE00DF99AD /* Debug */ = {
			isa = XCBuildConfiguration;
			buildSettings = {
				ASSETCATALOG_COMPILER_APPICON_NAME = AppIcon;
				ASSETCATALOG_COMPILER_GLOBAL_ACCENT_COLOR_NAME = AccentColor;
				CODE_SIGN_STYLE = Automatic;
				DEVELOPMENT_TEAM = BC7U46938F;
				INFOPLIST_FILE = Pigeon/Info.plist;
				LD_RUNPATH_SEARCH_PATHS = (
					"$(inherited)",
					"@executable_path/Frameworks",
				);
				PRODUCT_BUNDLE_IDENTIFIER = jancy.Pigeon;
				PRODUCT_NAME = "$(TARGET_NAME)";
				SWIFT_VERSION = 5.0;
				TARGETED_DEVICE_FAMILY = "1,2";
			};
			name = Debug;
		};
		E479EE3026119DDE00DF99AD /* Release */ = {
			isa = XCBuildConfiguration;
			buildSettings = {
				ASSETCATALOG_COMPILER_APPICON_NAME = AppIcon;
				ASSETCATALOG_COMPILER_GLOBAL_ACCENT_COLOR_NAME = AccentColor;
				CODE_SIGN_STYLE = Automatic;
				DEVELOPMENT_TEAM = BC7U46938F;
				INFOPLIST_FILE = Pigeon/Info.plist;
				LD_RUNPATH_SEARCH_PATHS = (
					"$(inherited)",
					"@executable_path/Frameworks",
				);
				PRODUCT_BUNDLE_IDENTIFIER = jancy.Pigeon;
				PRODUCT_NAME = "$(TARGET_NAME)";
				SWIFT_VERSION = 5.0;
				TARGETED_DEVICE_FAMILY = "1,2";
			};
			name = Release;
		};
/* End XCBuildConfiguration section */

/* Begin XCConfigurationList section */
		E479EE1526119DDE00DF99AD /* Build configuration list for PBXProject "Pigeon" */ = {
			isa = XCConfigurationList;
			buildConfigurations = (
				E479EE2C26119DDE00DF99AD /* Debug */,
				E479EE2D26119DDE00DF99AD /* Release */,
			);
			defaultConfigurationIsVisible = 0;
			defaultConfigurationName = Release;
		};
		E479EE2E26119DDE00DF99AD /* Build configuration list for PBXNativeTarget "Pigeon" */ = {
			isa = XCConfigurationList;
			buildConfigurations = (
				E479EE2F26119DDE00DF99AD /* Debug */,
				E479EE3026119DDE00DF99AD /* Release */,
			);
			defaultConfigurationIsVisible = 0;
			defaultConfigurationName = Release;
		};
/* End XCConfigurationList section */
	};
	rootObject = E479EE1226119DDE00DF99AD /* Project object */;
}
